Microsoft Visual Studio Solution File, Format Version 11.00
# Visual Studio 2008

Project("{AC02193C-8DB4-9447-7294-BE314F15A22A}") = "UnityUtils", "Assembly-CSharp-firstpass.csproj", "{A724487A-198B-55DD-9A91-23BDA9EFABE6}"
EndProject
Project("{AC02193C-8DB4-9447-7294-BE314F15A22A}") = "UnityUtils", "Assembly-CSharp.csproj", "{3B9A09CB-6035-67DB-7607-147D0D996714}"
EndProject
Global
	GlobalSection(SolutionConfigurationPlatforms) = preSolution
		Debug|Any CPU = Debug|Any CPU
		Release|Any CPU = Release|Any CPU
	EndGlobalSection
	GlobalSection(ProjectConfigurationPlatforms) = postSolution
		{A724487A-198B-55DD-9A91-23BDA9EFABE6}.Debug|Any CPU.ActiveCfg = Debug|Any CPU
		{A724487A-198B-55DD-9A91-23BDA9EFABE6}.Debug|Any CPU.Build.0 = Debug|Any CPU
		{A724487A-198B-55DD-9A91-23BDA9EFABE6}.Release|Any CPU.ActiveCfg = Release|Any CPU
		{A724487A-198B-55DD-9A91-23BDA9EFABE6}.Release|Any CPU.Build.0 = Release|Any CPU
		{3B9A09CB-6035-67DB-7607-147D0D996714}.Debug|Any CPU.ActiveCfg = Debug|Any CPU
		{3B9A09CB-6035-67DB-7607-147D0D996714}.Debug|Any CPU.Build.0 = Debug|Any CPU
		{3B9A09CB-6035-67DB-7607-147D0D996714}.Release|Any CPU.ActiveCfg = Release|Any CPU
		{3B9A09CB-6035-67DB-7607-147D0D996714}.Release|Any CPU.Build.0 = Release|Any CPU
	EndGlobalSection
	GlobalSection(SolutionProperties) = preSolution
		HideSolutionNode = FALSE
	EndGlobalSection
	GlobalSection(MonoDevelopProperties) = preSolution
		StartupItem = Assembly-CSharp.csproj
	EndGlobalSection
EndGlobal
